// !$*UTF8*$!
{
	archiveVersion = 1;
	classes = {
	};
	objectVersion = 46;
	objects = {

/* Begin PBXBuildFile section */
		554270AA1CA6D7F600AA2E34 /* main.m in Sources */ = {isa = PBXBuildFile; fileRef = 554270A91CA6D7F600AA2E34 /* main.m */; };
		554270AD1CA6D7F600AA2E34 /* AppDelegate.m in Sources */ = {isa = PBXBuildFile; fileRef = 554270AC1CA6D7F600AA2E34 /* AppDelegate.m */; };
		554270B01CA6D7F600AA2E34 /* ViewController.m in Sources */ = {isa = PBXBuildFile; fileRef = 554270AF1CA6D7F600AA2E34 /* ViewController.m */; };
		554270B31CA6D7F600AA2E34 /* Main.storyboard in Resources */ = {isa = PBXBuildFile; fileRef = 554270B11CA6D7F600AA2E34 /* Main.storyboard */; };
		554270B51CA6D7F600AA2E34 /* Assets.xcassets in Resources */ = {isa = PBXBuildFile; fileRef = 554270B41CA6D7F600AA2E34 /* Assets.xcassets */; };
		554270B81CA6D7F600AA2E34 /* LaunchScreen.storyboard in Resources */ = {isa = PBXBuildFile; fileRef = 554270B61CA6D7F600AA2E34 /* LaunchScreen.storyboard */; };
/* End PBXBuildFile section */

/* Begin PBXFileReference section */
		554270A51CA6D7F600AA2E34 /* SecureCommunicator.app */ = {isa = PBXFileReference; explicitFileType = wrapper.application; includeInIndex = 0; path = SecureCommunicator.app; sourceTree = BUILT_PRODUCTS_DIR; };
		554270A91CA6D7F600AA2E34 /* main.m */ = {isa = PBXFileReference; lastKnownFileType = sourcecode.c.objc; path = main.m; sourceTree = "<group>"; };
		554270AB1CA6D7F600AA2E34 /* AppDelegate.h */ = {isa = PBXFileReference; lastKnownFileType = sourcecode.c.h; path = AppDelegate.h; sourceTree = "<group>"; };
		554270AC1CA6D7F600AA2E34 /* AppDelegate.m */ = {isa = PBXFileReference; lastKnownFileType = sourcecode.c.objc; path = AppDelegate.m; sourceTree = "<group>"; };
		554270AE1CA6D7F600AA2E34 /* ViewController.h */ = {isa = PBXFileReference; lastKnownFileType = sourcecode.c.h; path = ViewController.h; sourceTree = "<group>"; };
		554270AF1CA6D7F600AA2E34 /* ViewController.m */ = {isa = PBXFileReference; lastKnownFileType = sourcecode.c.objc; path = ViewController.m; sourceTree = "<group>"; };
		554270B21CA6D7F600AA2E34 /* Base */ = {isa = PBXFileReference; lastKnownFileType = file.storyboard; name = Base; path = Base.lproj/Main.storyboard; sourceTree = "<group>"; };
		554270B41CA6D7F600AA2E34 /* Assets.xcassets */ = {isa = PBXFileReference; lastKnownFileType = folder.assetcatalog; path = Assets.xcassets; sourceTree = "<group>"; };
		554270B71CA6D7F600AA2E34 /* Base */ = {isa = PBXFileReference; lastKnownFileType = file.storyboard; name = Base; path = Base.lproj/LaunchScreen.storyboard; sourceTree = "<group>"; };
		554270B91CA6D7F600AA2E34 /* Info.plist */ = {isa = PBXFileReference; lastKnownFileType = text.plist.xml; path = Info.plist; sourceTree = "<group>"; };
/* End PBXFileReference section */

/* Begin PBXFrameworksBuildPhase section */
		554270A21CA6D7F600AA2E34 /* Frameworks */ = {
			isa = PBXFrameworksBuildPhase;
			buildActionMask = 2147483647;
			files = (
			);
			runOnlyForDeploymentPostprocessing = 0;
		};
/* End PBXFrameworksBuildPhase section */

/* Begin PBXGroup section */
		5542709C1CA6D7F600AA2E34 = {
			isa = PBXGroup;
			children = (
				554270A71CA6D7F600AA2E34 /* SecureCommunicator */,
				554270A61CA6D7F600AA2E34 /* Products */,
			);
			sourceTree = "<group>";
		};
		554270A61CA6D7F600AA2E34 /* Products */ = {
			isa = PBXGroup;
			children = (
				554270A51CA6D7F600AA2E34 /* SecureCommunicator.app */,
			);
			name = Products;
			sourceTree = "<group>";
		};
		554270A71CA6D7F600AA2E34 /* SecureCommunicator */ = {
			isa = PBXGroup;
			children = (
				554270AB1CA6D7F600AA2E34 /* AppDelegate.h */,
				554270AC1CA6D7F600AA2E34 /* AppDelegate.m */,
				554270AE1CA6D7F600AA2E34 /* ViewController.h */,
				554270AF1CA6D7F600AA2E34 /* ViewController.m */,
				554270B11CA6D7F600AA2E34 /* Main.storyboard */,
				554270B41CA6D7F600AA2E34 /* Assets.xcassets */,
				554270B61CA6D7F600AA2E34 /* LaunchScreen.storyboard */,
				554270B91CA6D7F600AA2E34 /* Info.plist */,
				554270A81CA6D7F600AA2E34 /* Supporting Files */,
			);
			path = SecureCommunicator;
			sourceTree = "<group>";
		};
		554270A81CA6D7F600AA2E34 /* Supporting Files */ = {
			isa = PBXGroup;
			children = (
				554270A91CA6D7F600AA2E34 /* main.m */,
			);
			name = "Supporting Files";
			sourceTree = "<group>";
		};
/* End PBXGroup section */

/* Begin PBXNativeTarget section */
		554270A41CA6D7F600AA2E34 /* SecureCommunicator */ = {
			isa = PBXNativeTarget;
			buildConfigurationList = 554270BC1CA6D7F600AA2E34 /* Build configuration list for PBXNativeTarget "SecureCommunicator" */;
			buildPhases = (
				554270A11CA6D7F600AA2E34 /* Sources */,
				554270A21CA6D7F600AA2E34 /* Frameworks */,
				554270A31CA6D7F600AA2E34 /* Resources */,
			);
			buildRules = (
			);
			dependencies = (
			);
			name = SecureCommunicator;
			productName = SecureCommunicator;
			productReference = 554270A51CA6D7F600AA2E34 /* SecureCommunicator.app */;
			productType = "com.apple.product-type.application";
		};
/* End PBXNativeTarget section */

/* Begin PBXProject section */
		5542709D1CA6D7F600AA2E34 /* Project object */ = {
			isa = PBXProject;
			attributes = {
				LastUpgradeCheck = 0720;
				ORGANIZATIONNAME = "Abdul Al-Shawa";
				TargetAttributes = {
					554270A41CA6D7F600AA2E34 = {
						CreatedOnToolsVersion = 7.2;
					};
				};
			};
			buildConfigurationList = 554270A01CA6D7F600AA2E34 /* Build configuration list for PBXProject "SecureCommunicator" */;
			compatibilityVersion = "Xcode 3.2";
			developmentRegion = English;
			hasScannedForEncodings = 0;
			knownRegions = (
				en,
				Base,
			);
			mainGroup = 5542709C1CA6D7F600AA2E34;
			productRefGroup = 554270A61CA6D7F600AA2E34 /* Products */;
			projectDirPath = "";
			projectRoot = "";
			targets = (
				554270A41CA6D7F600AA2E34 /* SecureCommunicator */,
			);
		};
/* End PBXProject section */

/* Begin PBXResourcesBuildPhase section */
		554270A31CA6D7F600AA2E34 /* Resources */ = {
			isa = PBXResourcesBuildPhase;
			buildActionMask = 2147483647;
			files = (
				554270B81CA6D7F600AA2E34 /* LaunchScreen.storyboard in Resources */,
				554270B51CA6D7F600AA2E34 /* Assets.xcassets in Resources */,
				554270B31CA6D7F600AA2E34 /* Main.storyboard in Resources */,
			);
			runOnlyForDeploymentPostprocessing = 0;
		};
/* End PBXResourcesBuildPhase section */

/* Begin PBXSourcesBuildPhase section */
		554270A11CA6D7F600AA2E34 /* Sources */ = {
			isa = PBXSourcesBuildPhase;
			buildActionMask = 2147483647;
			files = (
				554270B01CA6D7F600AA2E34 /* ViewController.m in Sources */,
				554270AD1CA6D7F600AA2E34 /* AppDelegate.m in Sources */,
				554270AA1CA6D7F600AA2E34 /* main.m in Sources */,
			);
			runOnlyForDeploymentPostprocessing = 0;
		};
/* End PBXSourcesBuildPhase section */

/* Begin PBXVariantGroup section */
		554270B11CA6D7F600AA2E34 /* Main.storyboard */ = {
			isa = PBXVariantGroup;
			children = (
				554270B21CA6D7F600AA2E34 /* Base */,
			);
			name = Main.storyboard;
			sourceTree = "<group>";
		};
		554270B61CA6D7F600AA2E34 /* LaunchScreen.storyboard */ = {
			isa = PBXVariantGroup;
			children = (
				554270B71CA6D7F600AA2E34 /* Base */,
			);
			name = LaunchScreen.storyboard;
			sourceTree = "<group>";
		};
/* End PBXVariantGroup section */

/* Begin XCBuildConfiguration section */
		554270BA1CA6D7F600AA2E34 /* Debug */ = {
			isa = XCBuildConfiguration;
			buildSettings = {
				ALWAYS_SEARCH_USER_PATHS = NO;
				CLANG_CXX_LANGUAGE_STANDARD = "gnu++0x";
				CLANG_CXX_LIBRARY = "libc++";
				CLANG_ENABLE_MODULES = YES;
				CLANG_ENABLE_OBJC_ARC = YES;
				CLANG_WARN_BOOL_CONVERSION = YES;
				CLANG_WARN_CONSTANT_CONVERSION = YES;
				CLANG_WARN_DIRECT_OBJC_ISA_USAGE = YES_ERROR;
				CLANG_WARN_EMPTY_BODY = YES;
				CLANG_WARN_ENUM_CONVERSION = YES;
				CLANG_WARN_INT_CONVERSION = YES;
				CLANG_WARN_OBJC_ROOT_CLASS = YES_ERROR;
				CLANG_WARN_UNREACHABLE_CODE = YES;
				CLANG_WARN__DUPLICATE_METHOD_MATCH = YES;
				"CODE_SIGN_IDENTITY[sdk=iphoneos*]" = "iPhone Developer";
				COPY_PHASE_STRIP = NO;
				DEBUG_INFORMATION_FORMAT = dwarf;
				ENABLE_STRICT_OBJC_MSGSEND = YES;
				ENABLE_TESTABILITY = YES;
				GCC_C_LANGUAGE_STANDARD = gnu99;
				GCC_DYNAMIC_NO_PIC = NO;
				GCC_NO_COMMON_BLOCKS = YES;
				GCC_OPTIMIZATION_LEVEL = 0;
				GCC_PREPROCESSOR_DEFINITIONS = (
					"DEBUG=1",
					"$(inherited)",
				);
				GCC_WARN_64_TO_32_BIT_CONVERSION = YES;
				GCC_WARN_ABOUT_RETURN_TYPE = YES_ERROR;
				GCC_WARN_UNDECLARED_SELECTOR = YES;
				GCC_WARN_UNINITIALIZED_AUTOS = YES_AGGRESSIVE;
				GCC_WARN_UNUSED_FUNCTION = YES;
				GCC_WARN_UNUSED_VARIABLE = YES;
				IPHONEOS_DEPLOYMENT_TARGET = 9.2;
				MTL_ENABLE_DEBUG_INFO = YES;
				ONLY_ACTIVE_ARCH = YES;
				SDKROOT = iphoneos;
				TARGETED_DEVICE_FAMILY = "1,2";
			};
			name = Debug;
		};
		554270BB1CA6D7F600AA2E34 /* Release */ = {
			isa = XCBuildConfiguration;
			buildSettings = {
				ALWAYS_SEARCH_USER_PATHS = NO;
				CLANG_CXX_LANGUAGE_STANDARD = "gnu++0x";
				CLANG_CXX_LIBRARY = "libc++";
				CLANG_ENABLE_MODULES = YES;
				CLANG_ENABLE_OBJC_ARC = YES;
				CLANG_WARN_BOOL_CONVERSION = YES;
				CLANG_WARN_CONSTANT_CONVERSION = YES;
				CLANG_WARN_DIRECT_OBJC_ISA_USAGE = YES_ERROR;
				CLANG_WARN_EMPTY_BODY = YES;
				CLANG_WARN_ENUM_CONVERSION = YES;
				CLANG_WARN_INT_CONVERSION = YES;
				CLANG_WARN_OBJC_ROOT_CLASS = YES_ERROR;
				CLANG_WARN_UNREACHABLE_CODE = YES;
				CLANG_WARN__DUPLICATE_METHOD_MATCH = YES;
				"CODE_SIGN_IDENTITY[sdk=iphoneos*]" = "iPhone Developer";
				COPY_PHASE_STRIP = NO;
				DEBUG_INFORMATION_FORMAT = "dwarf-with-dsym";
				ENABLE_NS_ASSERTIONS = NO;
				ENABLE_STRICT_OBJC_MSGSEND = YES;
				GCC_C_LANGUAGE_STANDARD = gnu99;
				GCC_NO_COMMON_BLOCKS = YES;
				GCC_WARN_64_TO_32_BIT_CONVERSION = YES;
				GCC_WARN_ABOUT_RETURN_TYPE = YES_ERROR;
				GCC_WARN_UNDECLARED_SELECTOR = YES;
				GCC_WARN_UNINITIALIZED_AUTOS = YES_AGGRESSIVE;
				GCC_WARN_UNUSED_FUNCTION = YES;
				GCC_WARN_UNUSED_VARIABLE = YES;
				IPHONEOS_DEPLOYMENT_TARGET = 9.2;
				MTL_ENABLE_DEBUG_INFO = NO;
				SDKROOT = iphoneos;
				TARGETED_DEVICE_FAMILY = "1,2";
				VALIDATE_PRODUCT = YES;
			};
			name = Release;
		};
		554270BD1CA6D7F600AA2E34 /* Debug */ = {
			isa = XCBuildConfiguration;
			buildSettings = {
				ASSETCATALOG_COMPILER_APPICON_NAME = AppIcon;
				INFOPLIST_FILE = SecureCommunicator/Info.plist;
				LD_RUNPATH_SEARCH_PATHS = "$(inherited) @executable_path/Frameworks";
				PRODUCT_BUNDLE_IDENTIFIER = AAAplications.SecureCommunicator;
				PRODUCT_NAME = "$(TARGET_NAME)";
			};
			name = Debug;
		};
		554270BE1CA6D7F600AA2E34 /* Release */ = {
			isa = XCBuildConfiguration;
			buildSettings = {
				ASSETCATALOG_COMPILER_APPICON_NAME = AppIcon;
				INFOPLIST_FILE = SecureCommunicator/Info.plist;
				LD_RUNPATH_SEARCH_PATHS = "$(inherited) @executable_path/Frameworks";
				PRODUCT_BUNDLE_IDENTIFIER = AAAplications.SecureCommunicator;
				PRODUCT_NAME = "$(TARGET_NAME)";
			};
			name = Release;
		};
/* End XCBuildConfiguration section */

/* Begin XCConfigurationList section */
		554270A01CA6D7F600AA2E34 /* Build configuration list for PBXProject "SecureCommunicator" */ = {
			isa = XCConfigurationList;
			buildConfigurations = (
				554270BA1CA6D7F600AA2E34 /* Debug */,
				554270BB1CA6D7F600AA2E34 /* Release */,
			);
			defaultConfigurationIsVisible = 0;
			defaultConfigurationName = Release;
		};
		554270BC1CA6D7F600AA2E34 /* Build configuration list for PBXNativeTarget "SecureCommunicator" */ = {
			isa = XCConfigurationList;
			buildConfigurations = (
				554270BD1CA6D7F600AA2E34 /* Debug */,
				554270BE1CA6D7F600AA2E34 /* Release */,
			);
			defaultConfigurationIsVisible = 0;
		};
/* End XCConfigurationList section */
	};
	rootObject = 5542709D1CA6D7F600AA2E34 /* Project object */;
}
